// !$*UTF8*$!
{
	archiveVersion = 1;
	classes = {
	};
	objectVersion = 50;
	objects = {

/* Begin PBXBuildFile section */
		252FC61B22901448004C72D9 /* AppDelegate.swift in Sources */ = {isa = PBXBuildFile; fileRef = 252FC61A22901448004C72D9 /* AppDelegate.swift */; };
		252FC61D22901448004C72D9 /* ViewController.swift in Sources */ = {isa = PBXBuildFile; fileRef = 252FC61C22901448004C72D9 /* ViewController.swift */; };
		252FC62022901448004C72D9 /* Main.storyboard in Resources */ = {isa = PBXBuildFile; fileRef = 252FC61E22901448004C72D9 /* Main.storyboard */; };
		252FC62222901449004C72D9 /* Assets.xcassets in Resources */ = {isa = PBXBuildFile; fileRef = 252FC62122901449004C72D9 /* Assets.xcassets */; };
		252FC62522901449004C72D9 /* LaunchScreen.storyboard in Resources */ = {isa = PBXBuildFile; fileRef = 252FC62322901449004C72D9 /* LaunchScreen.storyboard */; };
		252FC63022901449004C72D9 /* BookbinderCarthageDemoTests.swift in Sources */ = {isa = PBXBuildFile; fileRef = 252FC62F22901449004C72D9 /* BookbinderCarthageDemoTests.swift */; };
		25728EE02292194A00DAC525 /* Bookbinder.framework in Frameworks */ = {isa = PBXBuildFile; fileRef = 25728EDF2292194A00DAC525 /* Bookbinder.framework */; };
		25728EE422921A1700DAC525 /* ZIPFoundation.framework in Frameworks */ = {isa = PBXBuildFile; fileRef = 25728EE222921A1600DAC525 /* ZIPFoundation.framework */; };
		25728EE522921A1700DAC525 /* Kanna.framework in Frameworks */ = {isa = PBXBuildFile; fileRef = 25728EE322921A1700DAC525 /* Kanna.framework */; };
/* End PBXBuildFile section */

/* Begin PBXContainerItemProxy section */
		252FC62C22901449004C72D9 /* PBXContainerItemProxy */ = {
			isa = PBXContainerItemProxy;
			containerPortal = 252FC60F22901448004C72D9 /* Project object */;
			proxyType = 1;
			remoteGlobalIDString = 252FC61622901448004C72D9;
			remoteInfo = BookbinderCarthageDemo;
		};
/* End PBXContainerItemProxy section */

/* Begin PBXFileReference section */
		252FC61722901448004C72D9 /* BookbinderCarthageDemo.app */ = {isa = PBXFileReference; explicitFileType = wrapper.application; includeInIndex = 0; path = BookbinderCarthageDemo.app; sourceTree = BUILT_PRODUCTS_DIR; };
		252FC61A22901448004C72D9 /* AppDelegate.swift */ = {isa = PBXFileReference; lastKnownFileType = sourcecode.swift; path = AppDelegate.swift; sourceTree = "<group>"; };
		252FC61C22901448004C72D9 /* ViewController.swift */ = {isa = PBXFileReference; lastKnownFileType = sourcecode.swift; path = ViewController.swift; sourceTree = "<group>"; };
		252FC61F22901448004C72D9 /* Base */ = {isa = PBXFileReference; lastKnownFileType = file.storyboard; name = Base; path = Base.lproj/Main.storyboard; sourceTree = "<group>"; };
		252FC62122901449004C72D9 /* Assets.xcassets */ = {isa = PBXFileReference; lastKnownFileType = folder.assetcatalog; path = Assets.xcassets; sourceTree = "<group>"; };
		252FC62422901449004C72D9 /* Base */ = {isa = PBXFileReference; lastKnownFileType = file.storyboard; name = Base; path = Base.lproj/LaunchScreen.storyboard; sourceTree = "<group>"; };
		252FC62622901449004C72D9 /* Info.plist */ = {isa = PBXFileReference; lastKnownFileType = text.plist.xml; path = Info.plist; sourceTree = "<group>"; };
		252FC62B22901449004C72D9 /* BookbinderCarthageDemoTests.xctest */ = {isa = PBXFileReference; explicitFileType = wrapper.cfbundle; includeInIndex = 0; path = BookbinderCarthageDemoTests.xctest; sourceTree = BUILT_PRODUCTS_DIR; };
		252FC62F22901449004C72D9 /* BookbinderCarthageDemoTests.swift */ = {isa = PBXFileReference; lastKnownFileType = sourcecode.swift; path = BookbinderCarthageDemoTests.swift; sourceTree = "<group>"; };
		252FC63122901449004C72D9 /* Info.plist */ = {isa = PBXFileReference; lastKnownFileType = text.plist.xml; path = Info.plist; sourceTree = "<group>"; };
		25728EDF2292194A00DAC525 /* Bookbinder.framework */ = {isa = PBXFileReference; lastKnownFileType = wrapper.framework; name = Bookbinder.framework; path = Carthage/Build/iOS/Bookbinder.framework; sourceTree = "<group>"; };
		25728EE222921A1600DAC525 /* ZIPFoundation.framework */ = {isa = PBXFileReference; lastKnownFileType = wrapper.framework; name = ZIPFoundation.framework; path = Carthage/Build/iOS/ZIPFoundation.framework; sourceTree = "<group>"; };
		25728EE322921A1700DAC525 /* Kanna.framework */ = {isa = PBXFileReference; lastKnownFileType = wrapper.framework; name = Kanna.framework; path = Carthage/Build/iOS/Kanna.framework; sourceTree = "<group>"; };
/* End PBXFileReference section */

/* Begin PBXFrameworksBuildPhase section */
		252FC61422901448004C72D9 /* Frameworks */ = {
			isa = PBXFrameworksBuildPhase;
			buildActionMask = 2147483647;
			files = (
				25728EE422921A1700DAC525 /* ZIPFoundation.framework in Frameworks */,
				25728EE522921A1700DAC525 /* Kanna.framework in Frameworks */,
				25728EE02292194A00DAC525 /* Bookbinder.framework in Frameworks */,
			);
			runOnlyForDeploymentPostprocessing = 0;
		};
		252FC62822901449004C72D9 /* Frameworks */ = {
			isa = PBXFrameworksBuildPhase;
			buildActionMask = 2147483647;
			files = (
			);
			runOnlyForDeploymentPostprocessing = 0;
		};
/* End PBXFrameworksBuildPhase section */

/* Begin PBXGroup section */
		252FC60E22901448004C72D9 = {
			isa = PBXGroup;
			children = (
				252FC61922901448004C72D9 /* BookbinderCarthageDemo */,
				252FC62E22901449004C72D9 /* BookbinderCarthageDemoTests */,
				252FC61822901448004C72D9 /* Products */,
				25728EDE2292194A00DAC525 /* Frameworks */,
			);
			sourceTree = "<group>";
		};
		252FC61822901448004C72D9 /* Products */ = {
			isa = PBXGroup;
			children = (
				252FC61722901448004C72D9 /* BookbinderCarthageDemo.app */,
				252FC62B22901449004C72D9 /* BookbinderCarthageDemoTests.xctest */,
			);
			name = Products;
			sourceTree = "<group>";
		};
		252FC61922901448004C72D9 /* BookbinderCarthageDemo */ = {
			isa = PBXGroup;
			children = (
				252FC61A22901448004C72D9 /* AppDelegate.swift */,
				252FC61C22901448004C72D9 /* ViewController.swift */,
				252FC61E22901448004C72D9 /* Main.storyboard */,
				252FC62122901449004C72D9 /* Assets.xcassets */,
				252FC62322901449004C72D9 /* LaunchScreen.storyboard */,
				252FC62622901449004C72D9 /* Info.plist */,
			);
			path = BookbinderCarthageDemo;
			sourceTree = "<group>";
		};
		252FC62E22901449004C72D9 /* BookbinderCarthageDemoTests */ = {
			isa = PBXGroup;
			children = (
				252FC62F22901449004C72D9 /* BookbinderCarthageDemoTests.swift */,
				252FC63122901449004C72D9 /* Info.plist */,
			);
			path = BookbinderCarthageDemoTests;
			sourceTree = "<group>";
		};
		25728EDE2292194A00DAC525 /* Frameworks */ = {
			isa = PBXGroup;
			children = (
				25728EE322921A1700DAC525 /* Kanna.framework */,
				25728EE222921A1600DAC525 /* ZIPFoundation.framework */,
				25728EDF2292194A00DAC525 /* Bookbinder.framework */,
			);
			name = Frameworks;
			sourceTree = "<group>";
		};
/* End PBXGroup section */

/* Begin PBXNativeTarget section */
		252FC61622901448004C72D9 /* BookbinderCarthageDemo */ = {
			isa = PBXNativeTarget;
			buildConfigurationList = 252FC63422901449004C72D9 /* Build configuration list for PBXNativeTarget "BookbinderCarthageDemo" */;
			buildPhases = (
				252FC61322901448004C72D9 /* Sources */,
				252FC61422901448004C72D9 /* Frameworks */,
				252FC61522901448004C72D9 /* Resources */,
				25728EE12292195400DAC525 /* ShellScript */,
			);
			buildRules = (
			);
			dependencies = (
			);
			name = BookbinderCarthageDemo;
			productName = BookbinderCarthageDemo;
			productReference = 252FC61722901448004C72D9 /* BookbinderCarthageDemo.app */;
			productType = "com.apple.product-type.application";
		};
		252FC62A22901449004C72D9 /* BookbinderCarthageDemoTests */ = {
			isa = PBXNativeTarget;
			buildConfigurationList = 252FC63722901449004C72D9 /* Build configuration list for PBXNativeTarget "BookbinderCarthageDemoTests" */;
			buildPhases = (
				252FC62722901449004C72D9 /* Sources */,
				252FC62822901449004C72D9 /* Frameworks */,
				252FC62922901449004C72D9 /* Resources */,
			);
			buildRules = (
			);
			dependencies = (
				252FC62D22901449004C72D9 /* PBXTargetDependency */,
			);
			name = BookbinderCarthageDemoTests;
			productName = BookbinderCarthageDemoTests;
			productReference = 252FC62B22901449004C72D9 /* BookbinderCarthageDemoTests.xctest */;
			productType = "com.apple.product-type.bundle.unit-test";
		};
/* End PBXNativeTarget section */

/* Begin PBXProject section */
		252FC60F22901448004C72D9 /* Project object */ = {
			isa = PBXProject;
			attributes = {
				LastSwiftUpdateCheck = 1020;
				LastUpgradeCheck = 1020;
				ORGANIZATIONNAME = "Stone Zhang";
				TargetAttributes = {
					252FC61622901448004C72D9 = {
						CreatedOnToolsVersion = 10.2;
					};
					252FC62A22901449004C72D9 = {
						CreatedOnToolsVersion = 10.2;
						TestTargetID = 252FC61622901448004C72D9;
					};
				};
			};
			buildConfigurationList = 252FC61222901448004C72D9 /* Build configuration list for PBXProject "BookbinderCarthageDemo" */;
			compatibilityVersion = "Xcode 9.3";
			developmentRegion = en;
			hasScannedForEncodings = 0;
			knownRegions = (
				en,
				Base,
			);
			mainGroup = 252FC60E22901448004C72D9;
			productRefGroup = 252FC61822901448004C72D9 /* Products */;
			projectDirPath = "";
			projectRoot = "";
			targets = (
				252FC61622901448004C72D9 /* BookbinderCarthageDemo */,
				252FC62A22901449004C72D9 /* BookbinderCarthageDemoTests */,
			);
		};
/* End PBXProject section */

/* Begin PBXResourcesBuildPhase section */
		252FC61522901448004C72D9 /* Resources */ = {
			isa = PBXResourcesBuildPhase;
			buildActionMask = 2147483647;
			files = (
				252FC62522901449004C72D9 /* LaunchScreen.storyboard in Resources */,
				252FC62222901449004C72D9 /* Assets.xcassets in Resources */,
				252FC62022901448004C72D9 /* Main.storyboard in Resources */,
			);
			runOnlyForDeploymentPostprocessing = 0;
		};
		252FC62922901449004C72D9 /* Resources */ = {
			isa = PBXResourcesBuildPhase;
			buildActionMask = 2147483647;
			files = (
			);
			runOnlyForDeploymentPostprocessing = 0;
		};
/* End PBXResourcesBuildPhase section */

/* Begin PBXShellScriptBuildPhase section */
		25728EE12292195400DAC525 /* ShellScript */ = {
			isa = PBXShellScriptBuildPhase;
			buildActionMask = 2147483647;
			files = (
			);
			inputFileListPaths = (
			);
			inputPaths = (
				"$(SRCROOT)/Carthage/Build/iOS/Bookbinder.framework",
				"$(SRCROOT)/Carthage/Build/iOS/Kanna.framework",
				"$(SRCROOT)/Carthage/Build/iOS/ZIPFoundation.framework",
			);
			outputFileListPaths = (
			);
			outputPaths = (
				"$(BUILT_PRODUCTS_DIR)/$(FRAMEWORKS_FOLDER_PATH)/Bookbinder.framework",
				"$(BUILT_PRODUCTS_DIR)/$(FRAMEWORKS_FOLDER_PATH)/Kanna.framework",
				"$(BUILT_PRODUCTS_DIR)/$(FRAMEWORKS_FOLDER_PATH)/ZIPFoundation.framework",
			);
			runOnlyForDeploymentPostprocessing = 0;
			shellPath = /bin/sh;
			shellScript = "/usr/local/bin/carthage copy-frameworks\n";
		};
/* End PBXShellScriptBuildPhase section */

/* Begin PBXSourcesBuildPhase section */
		252FC61322901448004C72D9 /* Sources */ = {
			isa = PBXSourcesBuildPhase;
			buildActionMask = 2147483647;
			files = (
				252FC61D22901448004C72D9 /* ViewController.swift in Sources */,
				252FC61B22901448004C72D9 /* AppDelegate.swift in Sources */,
			);
			runOnlyForDeploymentPostprocessing = 0;
		};
		252FC62722901449004C72D9 /* Sources */ = {
			isa = PBXSourcesBuildPhase;
			buildActionMask = 2147483647;
			files = (
				252FC63022901449004C72D9 /* BookbinderCarthageDemoTests.swift in Sources */,
			);
			runOnlyForDeploymentPostprocessing = 0;
		};
/* End PBXSourcesBuildPhase section */

/* Begin PBXTargetDependency section */
		252FC62D22901449004C72D9 /* PBXTargetDependency */ = {
			isa = PBXTargetDependency;
			target = 252FC61622901448004C72D9 /* BookbinderCarthageDemo */;
			targetProxy = 252FC62C22901449004C72D9 /* PBXContainerItemProxy */;
		};
/* End PBXTargetDependency section */

/* Begin PBXVariantGroup section */
		252FC61E22901448004C72D9 /* Main.storyboard */ = {
			isa = PBXVariantGroup;
			children = (
				252FC61F22901448004C72D9 /* Base */,
			);
			name = Main.storyboard;
			sourceTree = "<group>";
		};
		252FC62322901449004C72D9 /* LaunchScreen.storyboard */ = {
			isa = PBXVariantGroup;
			children = (
				252FC62422901449004C72D9 /* Base */,
			);
			name = LaunchScreen.storyboard;
			sourceTree = "<group>";
		};
/* End PBXVariantGroup section */

/* Begin XCBuildConfiguration section */
		252FC63222901449004C72D9 /* Debug */ = {
			isa = XCBuildConfiguration;
			buildSettings = {
				ALWAYS_SEARCH_USER_PATHS = NO;
				CLANG_ANALYZER_NONNULL = YES;
				CLANG_ANALYZER_NUMBER_OBJECT_CONVERSION = YES_AGGRESSIVE;
				CLANG_CXX_LANGUAGE_STANDARD = "gnu++14";
				CLANG_CXX_LIBRARY = "libc++";
				CLANG_ENABLE_MODULES = YES;
				CLANG_ENABLE_OBJC_ARC = YES;
				CLANG_ENABLE_OBJC_WEAK = YES;
				CLANG_WARN_BLOCK_CAPTURE_AUTORELEASING = YES;
				CLANG_WARN_BOOL_CONVERSION = YES;
				CLANG_WARN_COMMA = YES;
				CLANG_WARN_CONSTANT_CONVERSION = YES;
				CLANG_WARN_DEPRECATED_OBJC_IMPLEMENTATIONS = YES;
				CLANG_WARN_DIRECT_OBJC_ISA_USAGE = YES_ERROR;
				CLANG_WARN_DOCUMENTATION_COMMENTS = YES;
				CLANG_WARN_EMPTY_BODY = YES;
				CLANG_WARN_ENUM_CONVERSION = YES;
				CLANG_WARN_INFINITE_RECURSION = YES;
				CLANG_WARN_INT_CONVERSION = YES;
				CLANG_WARN_NON_LITERAL_NULL_CONVERSION = YES;
				CLANG_WARN_OBJC_IMPLICIT_RETAIN_SELF = YES;
				CLANG_WARN_OBJC_LITERAL_CONVERSION = YES;
				CLANG_WARN_OBJC_ROOT_CLASS = YES_ERROR;
				CLANG_WARN_RANGE_LOOP_ANALYSIS = YES;
				CLANG_WARN_STRICT_PROTOTYPES = YES;
				CLANG_WARN_SUSPICIOUS_MOVE = YES;
				CLANG_WARN_UNGUARDED_AVAILABILITY = YES_AGGRESSIVE;
				CLANG_WARN_UNREACHABLE_CODE = YES;
				CLANG_WARN__DUPLICATE_METHOD_MATCH = YES;
				CODE_SIGN_IDENTITY = "iPhone Developer";
				COPY_PHASE_STRIP = NO;
				DEBUG_INFORMATION_FORMAT = dwarf;
				ENABLE_STRICT_OBJC_MSGSEND = YES;
				ENABLE_TESTABILITY = YES;
				GCC_C_LANGUAGE_STANDARD = gnu11;
				GCC_DYNAMIC_NO_PIC = NO;
				GCC_NO_COMMON_BLOCKS = YES;
				GCC_OPTIMIZATION_LEVEL = 0;
				GCC_PREPROCESSOR_DEFINITIONS = (
					"DEBUG=1",
					"$(inherited)",
				);
				GCC_WARN_64_TO_32_BIT_CONVERSION = YES;
				GCC_WARN_ABOUT_RETURN_TYPE = YES_ERROR;
				GCC_WARN_UNDECLARED_SELECTOR = YES;
				GCC_WARN_UNINITIALIZED_AUTOS = YES_AGGRESSIVE;
				GCC_WARN_UNUSED_FUNCTION = YES;
				GCC_WARN_UNUSED_VARIABLE = YES;
				IPHONEOS_DEPLOYMENT_TARGET = 12.2;
				MTL_ENABLE_DEBUG_INFO = INCLUDE_SOURCE;
				MTL_FAST_MATH = YES;
				ONLY_ACTIVE_ARCH = YES;
				SDKROOT = iphoneos;
				SWIFT_ACTIVE_COMPILATION_CONDITIONS = DEBUG;
				SWIFT_OPTIMIZATION_LEVEL = "-Onone";
			};
			name = Debug;
		};
		252FC63322901449004C72D9 /* Release */ = {
			isa = XCBuildConfiguration;
			buildSettings = {
				ALWAYS_SEARCH_USER_PATHS = NO;
				CLANG_ANALYZER_NONNULL = YES;
				CLANG_ANALYZER_NUMBER_OBJECT_CONVERSION = YES_AGGRESSIVE;
				CLANG_CXX_LANGUAGE_STANDARD = "gnu++14";
				CLANG_CXX_LIBRARY = "libc++";
				CLANG_ENABLE_MODULES = YES;
				CLANG_ENABLE_OBJC_ARC = YES;
				CLANG_ENABLE_OBJC_WEAK = YES;
				CLANG_WARN_BLOCK_CAPTURE_AUTORELEASING = YES;
				CLANG_WARN_BOOL_CONVERSION = YES;
				CLANG_WARN_COMMA = YES;
				CLANG_WARN_CONSTANT_CONVERSION = YES;
				CLANG_WARN_DEPRECATED_OBJC_IMPLEMENTATIONS = YES;
				CLANG_WARN_DIRECT_OBJC_ISA_USAGE = YES_ERROR;
				CLANG_WARN_DOCUMENTATION_COMMENTS = YES;
				CLANG_WARN_EMPTY_BODY = YES;
				CLANG_WARN_ENUM_CONVERSION = YES;
				CLANG_WARN_INFINITE_RECURSION = YES;
				CLANG_WARN_INT_CONVERSION = YES;
				CLANG_WARN_NON_LITERAL_NULL_CONVERSION = YES;
				CLANG_WARN_OBJC_IMPLICIT_RETAIN_SELF = YES;
				CLANG_WARN_OBJC_LITERAL_CONVERSION = YES;
				CLANG_WARN_OBJC_ROOT_CLASS = YES_ERROR;
				CLANG_WARN_RANGE_LOOP_ANALYSIS = YES;
				CLANG_WARN_STRICT_PROTOTYPES = YES;
				CLANG_WARN_SUSPICIOUS_MOVE = YES;
				CLANG_WARN_UNGUARDED_AVAILABILITY = YES_AGGRESSIVE;
				CLANG_WARN_UNREACHABLE_CODE = YES;
				CLANG_WARN__DUPLICATE_METHOD_MATCH = YES;
				CODE_SIGN_IDENTITY = "iPhone Developer";
				COPY_PHASE_STRIP = NO;
				DEBUG_INFORMATION_FORMAT = "dwarf-with-dsym";
				ENABLE_NS_ASSERTIONS = NO;
				ENABLE_STRICT_OBJC_MSGSEND = YES;
				GCC_C_LANGUAGE_STANDARD = gnu11;
				GCC_NO_COMMON_BLOCKS = YES;
				GCC_WARN_64_TO_32_BIT_CONVERSION = YES;
				GCC_WARN_ABOUT_RETURN_TYPE = YES_ERROR;
				GCC_WARN_UNDECLARED_SELECTOR = YES;
				GCC_WARN_UNINITIALIZED_AUTOS = YES_AGGRESSIVE;
				GCC_WARN_UNUSED_FUNCTION = YES;
				GCC_WARN_UNUSED_VARIABLE = YES;
				IPHONEOS_DEPLOYMENT_TARGET = 12.2;
				MTL_ENABLE_DEBUG_INFO = NO;
				MTL_FAST_MATH = YES;
				SDKROOT = iphoneos;
				SWIFT_COMPILATION_MODE = wholemodule;
				SWIFT_OPTIMIZATION_LEVEL = "-O";
				VALIDATE_PRODUCT = YES;
			};
			name = Release;
		};
		252FC63522901449004C72D9 /* Debug */ = {
			isa = XCBuildConfiguration;
			buildSettings = {
				ASSETCATALOG_COMPILER_APPICON_NAME = AppIcon;
				CODE_SIGN_STYLE = Automatic;
				DEVELOPMENT_TEAM = CCBW5GSHKT;
				FRAMEWORK_SEARCH_PATHS = (
					"$(inherited)",
					"$(PROJECT_DIR)/Carthage/Build/iOS",
				);
				INFOPLIST_FILE = BookbinderCarthageDemo/Info.plist;
				LD_RUNPATH_SEARCH_PATHS = (
					"$(inherited)",
					"@executable_path/Frameworks",
				);
				PRODUCT_BUNDLE_IDENTIFIER = stonezhl.BookbinderCarthageDemo;
				PRODUCT_NAME = "$(TARGET_NAME)";
				SWIFT_VERSION = 5.0;
				TARGETED_DEVICE_FAMILY = "1,2";
			};
			name = Debug;
		};
		252FC63622901449004C72D9 /* Release */ = {
			isa = XCBuildConfiguration;
			buildSettings = {
				ASSETCATALOG_COMPILER_APPICON_NAME = AppIcon;
				CODE_SIGN_STYLE = Automatic;
				DEVELOPMENT_TEAM = CCBW5GSHKT;
				FRAMEWORK_SEARCH_PATHS = (
					"$(inherited)",
					"$(PROJECT_DIR)/Carthage/Build/iOS",
				);
				INFOPLIST_FILE = BookbinderCarthageDemo/Info.plist;
				LD_RUNPATH_SEARCH_PATHS = (
					"$(inherited)",
					"@executable_path/Frameworks",
				);
				PRODUCT_BUNDLE_IDENTIFIER = stonezhl.BookbinderCarthageDemo;
				PRODUCT_NAME = "$(TARGET_NAME)";
				SWIFT_VERSION = 5.0;
				TARGETED_DEVICE_FAMILY = "1,2";
			};
			name = Release;
		};
		252FC63822901449004C72D9 /* Debug */ = {
			isa = XCBuildConfiguration;
			buildSettings = {
				ALWAYS_EMBED_SWIFT_STANDARD_LIBRARIES = YES;
				BUNDLE_LOADER = "$(TEST_HOST)";
				CODE_SIGN_STYLE = Automatic;
				DEVELOPMENT_TEAM = CCBW5GSHKT;
				INFOPLIST_FILE = BookbinderCarthageDemoTests/Info.plist;
				LD_RUNPATH_SEARCH_PATHS = (
					"$(inherited)",
					"@executable_path/Frameworks",
					"@loader_path/Frameworks",
				);
				PRODUCT_BUNDLE_IDENTIFIER = stonezhl.BookbinderCarthageDemoTests;
				PRODUCT_NAME = "$(TARGET_NAME)";
				SWIFT_VERSION = 5.0;
				TARGETED_DEVICE_FAMILY = "1,2";
				TEST_HOST = "$(BUILT_PRODUCTS_DIR)/BookbinderCarthageDemo.app/BookbinderCarthageDemo";
			};
			name = Debug;
		};
		252FC63922901449004C72D9 /* Release */ = {
			isa = XCBuildConfiguration;
			buildSettings = {
				ALWAYS_EMBED_SWIFT_STANDARD_LIBRARIES = YES;
				BUNDLE_LOADER = "$(TEST_HOST)";
				CODE_SIGN_STYLE = Automatic;
				DEVELOPMENT_TEAM = CCBW5GSHKT;
				INFOPLIST_FILE = BookbinderCarthageDemoTests/Info.plist;
				LD_RUNPATH_SEARCH_PATHS = (
					"$(inherited)",
					"@executable_path/Frameworks",
					"@loader_path/Frameworks",
				);
				PRODUCT_BUNDLE_IDENTIFIER = stonezhl.BookbinderCarthageDemoTests;
				PRODUCT_NAME = "$(TARGET_NAME)";
				SWIFT_VERSION = 5.0;
				TARGETED_DEVICE_FAMILY = "1,2";
				TEST_HOST = "$(BUILT_PRODUCTS_DIR)/BookbinderCarthageDemo.app/BookbinderCarthageDemo";
			};
			name = Release;
		};
/* End XCBuildConfiguration section */

/* Begin XCConfigurationList section */
		252FC61222901448004C72D9 /* Build configuration list for PBXProject "BookbinderCarthageDemo" */ = {
			isa = XCConfigurationList;
			buildConfigurations = (
				252FC63222901449004C72D9 /* Debug */,
				252FC63322901449004C72D9 /* Release */,
			);
			defaultConfigurationIsVisible = 0;
			defaultConfigurationName = Release;
		};
		252FC63422901449004C72D9 /* Build configuration list for PBXNativeTarget "BookbinderCarthageDemo" */ = {
			isa = XCConfigurationList;
			buildConfigurations = (
				252FC63522901449004C72D9 /* Debug */,
				252FC63622901449004C72D9 /* Release */,
			);
			defaultConfigurationIsVisible = 0;
			defaultConfigurationName = Release;
		};
		252FC63722901449004C72D9 /* Build configuration list for PBXNativeTarget "BookbinderCarthageDemoTests" */ = {
			isa = XCConfigurationList;
			buildConfigurations = (
				252FC63822901449004C72D9 /* Debug */,
				252FC63922901449004C72D9 /* Release */,
			);
			defaultConfigurationIsVisible = 0;
			defaultConfigurationName = Release;
		};
/* End XCConfigurationList section */
	};
	rootObject = 252FC60F22901448004C72D9 /* Project object */;
}
